
Microsoft Visual Studio Solution File, Format Version 11.00
# Visual Studio 2010
Project("{FAE04EC0-301F-11D3-BF4B-00C04F79EFBC}") = "TabEmployes", "TabEmployes.csproj", "{CFD07AB6-B2E0-482D-B326-8BFB56FC440A}"
EndProject
Global
	GlobalSection(SolutionConfigurationPlatforms) = preSolution
		Debug|x86 = Debug|x86
		Release|x86 = Release|x86
	EndGlobalSection
	GlobalSection(ProjectConfigurationPlatforms) = postSolution
		{CFD07AB6-B2E0-482D-B326-8BFB56FC440A}.Debug|x86.ActiveCfg = Debug|x86
		{CFD07AB6-B2E0-482D-B326-8BFB56FC440A}.Debug|x86.Build.0 = Debug|x86
		{CFD07AB6-B2E0-482D-B326-8BFB56FC440A}.Release|x86.ActiveCfg = Release|x86
		{CFD07AB6-B2E0-482D-B326-8BFB56FC440A}.Release|x86.Build.0 = Release|x86
	EndGlobalSection
	GlobalSection(SolutionProperties) = preSolution
		HideSolutionNode = FALSE
	EndGlobalSection
EndGlobal
